dependencies:
  78/esp-wifi-connect:
    component_hash: bf996fc603af1ff529668c788c7b38a8d94b1d43455af56d116d27ebb04b742a
    dependencies:
    - name: idf
      require: private
      version: '>=5.3'
    source:
      registry_url: https://components.espressif.com/
      type: service
    version: 3.0.2
  espressif/cmake_utilities:
    component_hash: 351350613ceafba240b761b4ea991e0f231ac7a9f59a9ee901f751bddc0bb18f
    dependencies:
    - name: idf
      require: private
      version: '>=4.1'
    source:
      registry_url: https://components.espressif.com
      type: service
    version: 0.5.3
  espressif/esp32-camera:
    component_hash: f0a608b109935a5389221eee5090ec61f51b0df1a0749531fe59d33aaf263233
    dependencies:
    - name: espressif/esp_jpeg
      registry_url: https://components.espressif.com
      require: public
      version: ^1.3.1
    - name: idf
      require: private
      version: '>=5.1'
    source:
      registry_url: https://components.espressif.com/
      type: service
    version: 2.1.4
  espressif/esp_codec_dev:
    component_hash: 0d9e9bc288156eb55f79338d312e1ebf8c9dfbd5e7d13ef0f20ccb031b4e15cf
    dependencies:
    - name: idf
      require: private
      version: '>=4.0'
    source:
      registry_url: https://components.espressif.com/
      type: service
    version: 1.5.4
  espressif/esp_jpeg:
    component_hash: defb83669293cbf86d0fa86b475ba5517aceed04ed70db435388c151ab37b5d7
    dependencies:
    - name: idf
      require: private
      version: '>=5.0'
    source:
      registry_url: https://components.espressif.com
      type: service
    version: 1.3.1
  espressif/esp_lcd_ili9341:
    component_hash: 0baab584e0e490511d6bdbae6aa045130424d732ecdaad6cd1d3bd3c0abe2c30
    dependencies:
    - name: espressif/cmake_utilities
      registry_url: https://components.espressif.com
      require: private
      version: 0.*
    - name: idf
      require: private
      version: '>=4.4'
    source:
      registry_url: https://components.espressif.com/
      type: service
    version: 2.0.2
  espressif/esp_lcd_touch:
    component_hash: 3f85a7d95af876f1a6ecca8eb90a81614890d0f03a038390804e5a77e2caf862
    dependencies:
    - name: idf
      require: private
      version: '>=4.4.2'
    source:
      registry_url: https://components.espressif.com
      type: service
    version: 1.2.1
  espressif/esp_lcd_touch_ft5x06:
    component_hash: aa3f170c321859146b4084d5e168828d026cb7c67eebfaa524ce48b428182c1e
    dependencies:
    - name: espressif/esp_lcd_touch
      registry_url: https://components.espressif.com
      require: public
      version: ^1.2.0
    - name: idf
      require: private
      version: '>=4.4.2'
    source:
      registry_url: https://components.espressif.com/
      type: service
    version: 1.1.0
  espressif/esp_lvgl_port:
    component_hash: f872401524cb645ee6ff1c9242d44fb4ddcfd4d37d7be8b9ed3f4e85a404efcd
    dependencies:
    - name: idf
      require: private
      version: '>=5.1'
    - name: lvgl/lvgl
      registry_url: https://components.espressif.com
      require: public
      version: '>=8,<10'
    source:
      registry_url: https://components.espressif.com/
      type: service
    version: 2.7.0
  espressif/m5stack_core_s3:
    component_hash: 2b578980fc81304857504b8a92e1693e8529966f097fd626b251d0b052bf6a48
    dependencies:
    - name: espressif/esp32-camera
      registry_url: https://components.espressif.com
      require: public
      version: ^2.0.11
    - name: espressif/esp_codec_dev
      registry_url: https://components.espressif.com
      require: public
      version: ~1.5
    - name: espressif/esp_lcd_ili9341
      registry_url: https://components.espressif.com
      require: private
      version: ^2.0.1
    - name: espressif/esp_lcd_touch_ft5x06
      registry_url: https://components.espressif.com
      require: private
      version: ^1
    - name: espressif/esp_lvgl_port
      registry_url: https://components.espressif.com
      require: public
      version: ^2
    - name: idf
      require: private
      version: '>=5.4'
    source:
      registry_url: https://components.espressif.com/
      type: service
    targets:
    - esp32s3
    version: 3.0.2
  idf:
    source:
      type: idf
    version: 5.5.1
  lvgl/lvgl:
    component_hash: 17e68bfd21f0edf4c3ee838e2273da840bf3930e5dbc3bfa6c1190c3aed41f9f
    dependencies: []
    source:
      registry_url: https://components.espressif.com
      type: service
    version: 9.4.0
  wrapper-esp32:
    dependencies:
    - name: idf
      version: '>=5.5.1'
    - name: espressif/esp32-camera
      public: true
      version: ^2.0.11
    - name: espressif/esp_codec_dev
      public: true
      version: ~1.5
    - name: espressif/esp_lcd_ili9341
      public: true
      version: ^2.0.1
    - name: espressif/esp_lcd_touch_ft5x06
      public: true
      version: ^1
    - name: espressif/esp_lvgl_port
      public: true
      version: ^2
    - name: espressif/m5stack_core_s3
      public: true
      rules:
      - if: target == esp32s3
      version: ^3.0.2
    - name: espressif/m5stack_tab5
      public: true
      rules:
      - if: target == esp32p4
      version: ^1.0.0
    source:
      path: /home/nixy/ws/wrapper-esp32
      type: local
    targets:
    - esp32s3
    - esp32p4
    version: 0.1.0
direct_dependencies:
- 78/esp-wifi-connect
- wrapper-esp32
manifest_hash: 30588a145b2e19c23b961ece5c6ba0f52cce860d2b2bc4812a2ff6f84c9d08e8
target: esp32s3
version: 2.0.0
